# This file is generated by running "yarn install" inside your project.
# Manual changes might be lost - proceed with caution!

__metadata:
  version: 6
  cacheKey: 8

"@types/antlr4@npm:^4.7.2":
  version: 4.7.2
  resolution: "@types/antlr4@npm:4.7.2"
  checksum: 0403178c652cc8e5e2c7afa0202ca29cf5c650958624ec4687b98b7f25f20d0050a0c97ea5fe914180d45a696c1a89995e8de7efdf31c0ed38fc8883222822be
  languageName: node
  linkType: hard

"@types/node@npm:^17.0.24":
  version: 17.0.24
  resolution: "@types/node@npm:17.0.24"
  checksum: 9e7c4f863601b2430b4c2429a89935f22eba692956f5013c90a4c7fb0e1401ed8add8c4307453c5d6b8b985384500f8c3f644427ab88632640cc396159af479a
  languageName: node
  linkType: hard

"antlr4@npm:^4.10.0":
  version: 4.10.0
  resolution: "antlr4@npm:4.10.0"
  checksum: 7fb267cc4d2dda169fd2c4c4aceaf3bcada47bb8f0f052b24e69ff1aa82efa5750731a040df4420c22e9f3381e99810dbe078fc65cd5b53a6242e4f67ffc49c5
  languageName: node
  linkType: hard

"qmapjs@workspace:.":
  version: 0.0.0-use.local
  resolution: "qmapjs@workspace:."
  dependencies:
    "@types/antlr4": ^4.7.2
    "@types/node": ^17.0.24
    antlr4: ^4.10.0
    typescript: ^4.6.3
  languageName: unknown
  linkType: soft

"typescript@npm:^4.6.3":
  version: 4.6.3
  resolution: "typescript@npm:4.6.3"
  bin:
    tsc: bin/tsc
    tsserver: bin/tsserver
  checksum: 255bb26c8cb846ca689dd1c3a56587af4f69055907aa2c154796ea28ee0dea871535b1c78f85a6212c77f2657843a269c3a742d09d81495b97b914bf7920415b
  languageName: node
  linkType: hard

"typescript@patch:typescript@^4.6.3#~builtin<compat/typescript>":
  version: 4.6.3
  resolution: "typescript@patch:typescript@npm%3A4.6.3#~builtin<compat/typescript>::version=4.6.3&hash=bda367"
  bin:
    tsc: bin/tsc
    tsserver: bin/tsserver
  checksum: 6bf45caf847062420592e711bc9c28bf5f9a9a7fa8245343b81493e4ededae33f1774009d1234d911422d1646a2c839f44e1a23ecb111b40a60ac2ea4c1482a8
  languageName: node
  linkType: hard
